
Microsoft Visual Studio Solution File, Format Version 12.00
# Visual Studio Version 17
VisualStudioVersion = 17.5.002.0
MinimumVisualStudioVersion = 10.0.40219.1
Project("{9A19103F-16F7-4668-BE54-9A1E7A4F7556}") = "InheritanceExample", "InheritanceExample.csproj", "{6C4FF240-ACD6-4DDD-9C5C-F3BB897E59FE}"
EndProject
Global
	GlobalSection(SolutionConfigurationPlatforms) = preSolution
		Debug|Any CPU = Debug|Any CPU
		Release|Any CPU = Release|Any CPU
	EndGlobalSection
	GlobalSection(ProjectConfigurationPlatforms) = postSolution
		{6C4FF240-ACD6-4DDD-9C5C-F3BB897E59FE}.Debug|Any CPU.ActiveCfg = Debug|Any CPU
		{6C4FF240-ACD6-4DDD-9C5C-F3BB897E59FE}.Debug|Any CPU.Build.0 = Debug|Any CPU
		{6C4FF240-ACD6-4DDD-9C5C-F3BB897E59FE}.Release|Any CPU.ActiveCfg = Release|Any CPU
		{6C4FF240-ACD6-4DDD-9C5C-F3BB897E59FE}.Release|Any CPU.Build.0 = Release|Any CPU
	EndGlobalSection
	GlobalSection(SolutionProperties) = preSolution
		HideSolutionNode = FALSE
	EndGlobalSection
	GlobalSection(ExtensibilityGlobals) = postSolution
		SolutionGuid = {A54F3B86-08EA-4546-9114-92123EFC06FA}
	EndGlobalSection
EndGlobal
