
Microsoft Visual Studio Solution File, Format Version 12.00
# Visual Studio Version 17
VisualStudioVersion = 17.5.002.0
MinimumVisualStudioVersion = 10.0.40219.1
Project("{9A19103F-16F7-4668-BE54-9A1E7A4F7556}") = "InterfaceEnemy", "InterfaceEnemy.csproj", "{5A37390C-441B-4DA6-964C-F3BC573C6739}"
EndProject
Global
	GlobalSection(SolutionConfigurationPlatforms) = preSolution
		Debug|Any CPU = Debug|Any CPU
		Release|Any CPU = Release|Any CPU
	EndGlobalSection
	GlobalSection(ProjectConfigurationPlatforms) = postSolution
		{5A37390C-441B-4DA6-964C-F3BC573C6739}.Debug|Any CPU.ActiveCfg = Debug|Any CPU
		{5A37390C-441B-4DA6-964C-F3BC573C6739}.Debug|Any CPU.Build.0 = Debug|Any CPU
		{5A37390C-441B-4DA6-964C-F3BC573C6739}.Release|Any CPU.ActiveCfg = Release|Any CPU
		{5A37390C-441B-4DA6-964C-F3BC573C6739}.Release|Any CPU.Build.0 = Release|Any CPU
	EndGlobalSection
	GlobalSection(SolutionProperties) = preSolution
		HideSolutionNode = FALSE
	EndGlobalSection
	GlobalSection(ExtensibilityGlobals) = postSolution
		SolutionGuid = {55751AB1-4E0A-4B9B-840C-FE9E5A6E3703}
	EndGlobalSection
EndGlobal
